
Microsoft Visual Studio Solution File, Format Version 12.00
# Visual Studio Version 17
VisualStudioVersion = 17.13.35931.197 d17.13
MinimumVisualStudioVersion = 10.0.40219.1
Project("{FAE04EC0-301F-11D3-BF4B-00C04F79EFBC}") = "TradeStats", "TradeStats.csproj", "{FB275190-9458-4C1C-B060-2165EFAFED90}"
EndProject
Global
	GlobalSection(SolutionConfigurationPlatforms) = preSolution
		Debug|Any CPU = Debug|Any CPU
		Release|Any CPU = Release|Any CPU
	EndGlobalSection
	GlobalSection(ProjectConfigurationPlatforms) = postSolution
		{FB275190-9458-4C1C-B060-2165EFAFED90}.Debug|Any CPU.ActiveCfg = Debug|Any CPU
		{FB275190-9458-4C1C-B060-2165EFAFED90}.Debug|Any CPU.Build.0 = Debug|Any CPU
		{FB275190-9458-4C1C-B060-2165EFAFED90}.Release|Any CPU.ActiveCfg = Release|Any CPU
		{FB275190-9458-4C1C-B060-2165EFAFED90}.Release|Any CPU.Build.0 = Release|Any CPU
	EndGlobalSection
	GlobalSection(SolutionProperties) = preSolution
		HideSolutionNode = FALSE
	EndGlobalSection
	GlobalSection(ExtensibilityGlobals) = postSolution
		SolutionGuid = {A75B1FD7-8FD1-4C80-BB65-D25DE4034644}
	EndGlobalSection
EndGlobal
